
Microsoft Visual Studio Solution File, Format Version 12.00
# Visual Studio Version 17
VisualStudioVersion = 17.3.32901.215
MinimumVisualStudioVersion = 10.0.40219.1
Project("{FAE04EC0-301F-11D3-BF4B-00C04F79EFBC}") = "BinarySearchTree_152", "BinarySearchTree_152\BinarySearchTree_152.csproj", "{7705CDE1-3E2E-4E6C-ACD0-395210EEB754}"
EndProject
Global
	GlobalSection(SolutionConfigurationPlatforms) = preSolution
		Debug|Any CPU = Debug|Any CPU
		Release|Any CPU = Release|Any CPU
	EndGlobalSection
	GlobalSection(ProjectConfigurationPlatforms) = postSolution
		{7705CDE1-3E2E-4E6C-ACD0-395210EEB754}.Debug|Any CPU.ActiveCfg = Debug|Any CPU
		{7705CDE1-3E2E-4E6C-ACD0-395210EEB754}.Debug|Any CPU.Build.0 = Debug|Any CPU
		{7705CDE1-3E2E-4E6C-ACD0-395210EEB754}.Release|Any CPU.ActiveCfg = Release|Any CPU
		{7705CDE1-3E2E-4E6C-ACD0-395210EEB754}.Release|Any CPU.Build.0 = Release|Any CPU
	EndGlobalSection
	GlobalSection(SolutionProperties) = preSolution
		HideSolutionNode = FALSE
	EndGlobalSection
	GlobalSection(ExtensibilityGlobals) = postSolution
		SolutionGuid = {63334270-EA85-42E6-952C-4C6CC0C5CDF4}
	EndGlobalSection
EndGlobal
